
Microsoft Visual Studio Solution File, Format Version 12.00
# Visual Studio Version 17
VisualStudioVersion = 17.8.34330.188
MinimumVisualStudioVersion = 10.0.40219.1
Project("{8BC9CEB8-8B4A-11D0-8D11-00A0C91BC942}") = "opcuaclient", "opcuaclient.vcxproj", "{34BB669C-1B4E-3ADD-B3A3-4E6F697D6E35}"
	ProjectSection(ProjectDependencies) = postProject
		{7B7D3BB9-A074-3088-BF03-07C070EA48C7} = {7B7D3BB9-A074-3088-BF03-07C070EA48C7}
		{9FD7D15E-C6DF-36A5-89FA-8458577968EA} = {9FD7D15E-C6DF-36A5-89FA-8458577968EA}
	EndProjectSection
EndProject
Project("{8BC9CEB8-8B4A-11D0-8D11-00A0C91BC942}") = "opcuacore", "opcuacore.vcxproj", "{7B7D3BB9-A074-3088-BF03-07C070EA48C7}"
	ProjectSection(ProjectDependencies) = postProject
		{9FD7D15E-C6DF-36A5-89FA-8458577968EA} = {9FD7D15E-C6DF-36A5-89FA-8458577968EA}
	EndProjectSection
EndProject
Project("{8BC9CEB8-8B4A-11D0-8D11-00A0C91BC942}") = "opcuaprotocol", "opcuaprotocol.vcxproj", "{9FD7D15E-C6DF-36A5-89FA-8458577968EA}"
EndProject
Global
	GlobalSection(SolutionConfigurationPlatforms) = preSolution
		Debug|x64 = Debug|x64
		Release|x64 = Release|x64
	EndGlobalSection
	GlobalSection(ProjectConfigurationPlatforms) = postSolution
		{34BB669C-1B4E-3ADD-B3A3-4E6F697D6E35}.Debug|x64.ActiveCfg = Debug|x64
		{34BB669C-1B4E-3ADD-B3A3-4E6F697D6E35}.Debug|x64.Build.0 = Debug|x64
		{34BB669C-1B4E-3ADD-B3A3-4E6F697D6E35}.Release|x64.ActiveCfg = Release|x64
		{34BB669C-1B4E-3ADD-B3A3-4E6F697D6E35}.Release|x64.Build.0 = Release|x64
		{7B7D3BB9-A074-3088-BF03-07C070EA48C7}.Debug|x64.ActiveCfg = Debug|x64
		{7B7D3BB9-A074-3088-BF03-07C070EA48C7}.Debug|x64.Build.0 = Debug|x64
		{7B7D3BB9-A074-3088-BF03-07C070EA48C7}.Release|x64.ActiveCfg = Release|x64
		{7B7D3BB9-A074-3088-BF03-07C070EA48C7}.Release|x64.Build.0 = Release|x64
		{9FD7D15E-C6DF-36A5-89FA-8458577968EA}.Debug|x64.ActiveCfg = Debug|x64
		{9FD7D15E-C6DF-36A5-89FA-8458577968EA}.Debug|x64.Build.0 = Debug|x64
		{9FD7D15E-C6DF-36A5-89FA-8458577968EA}.Release|x64.ActiveCfg = Release|x64
		{9FD7D15E-C6DF-36A5-89FA-8458577968EA}.Release|x64.Build.0 = Release|x64
	EndGlobalSection
	GlobalSection(SolutionProperties) = preSolution
		HideSolutionNode = FALSE
	EndGlobalSection
	GlobalSection(ExtensibilityGlobals) = postSolution
		SolutionGuid = {50791D72-9A07-3B27-B037-1B0A08D50659}
	EndGlobalSection
EndGlobal
