<?xml version="1.0" encoding="utf-8"?>
<Project ToolsVersion="4.0" xmlns="http://schemas.microsoft.com/developer/msbuild/2003">
  <ItemGroup>
    <Filter Include="Source Files">
      <UniqueIdentifier>{7a411e88-1e89-4a52-a5d2-35ebc4b41d18}</UniqueIdentifier>
    </Filter>
    <Filter Include="Header Files">
      <UniqueIdentifier>{56072a61-f7c3-4181-82da-dc5b2f656ce7}</UniqueIdentifier>
    </Filter>
  </ItemGroup>
  <ItemGroup>
    <ClCompile Include="src\client\binary_client.cpp">
      <Filter>Source Files</Filter>
    </ClCompile>
    <ClCompile Include="src\client\binary_client_addon.cpp">
      <Filter>Source Files</Filter>
    </ClCompile>
    <ClCompile Include="src\client\binary_connection.cpp">
      <Filter>Source Files</Filter>
    </ClCompile>
    <ClCompile Include="src\client\client.cpp">
      <Filter>Source Files</Filter>
    </ClCompile>
  </ItemGroup>
  <ItemGroup>
    <ClInclude Include="include\opc\ua\client\addon.h">
      <Filter>Header Files</Filter>
    </ClInclude>
    <ClInclude Include="include\opc\ua\client\binary_client.h">
      <Filter>Header Files</Filter>
    </ClInclude>
    <ClInclude Include="include\opc\ua\client\client.h">
      <Filter>Header Files</Filter>
    </ClInclude>
    <ClInclude Include="include\opc\ua\client\remote_connection.h">
      <Filter>Header Files</Filter>
    </ClInclude>
  </ItemGroup>
</Project>