<?xml version="1.0" encoding="utf-8"?>
<Project ToolsVersion="17.0" xmlns="http://schemas.microsoft.com/developer/msbuild/2003">
  <ItemGroup>
    <ClCompile Include="src\server\address_space_addon.cpp">
      <Filter>Source Files</Filter>
    </ClCompile>
    <ClCompile Include="src\server\address_space_internal.cpp">
      <Filter>Source Files</Filter>
    </ClCompile>
    <ClCompile Include="src\server\asio_addon.cpp">
      <Filter>Source Files</Filter>
    </ClCompile>
    <ClCompile Include="src\server\common_addons.cpp">
      <Filter>Source Files</Filter>
    </ClCompile>
    <ClCompile Include="src\server\endpoints_parameters.cpp">
      <Filter>Source Files</Filter>
    </ClCompile>
    <ClCompile Include="src\server\endpoints_registry.cpp">
      <Filter>Source Files</Filter>
    </ClCompile>
    <ClCompile Include="src\server\endpoints_services_addon.cpp">
      <Filter>Source Files</Filter>
    </ClCompile>
    <ClCompile Include="src\server\internal_subscription.cpp">
      <Filter>Source Files</Filter>
    </ClCompile>
    <ClCompile Include="src\server\server.cpp">
      <Filter>Source Files</Filter>
    </ClCompile>
    <ClCompile Include="src\server\opc_tcp_async.cpp">
      <Filter>Source Files</Filter>
    </ClCompile>
    <ClCompile Include="src\server\opc_tcp_async_addon.cpp">
      <Filter>Source Files</Filter>
    </ClCompile>
    <ClCompile Include="src\server\opc_tcp_async_parameters.cpp">
      <Filter>Source Files</Filter>
    </ClCompile>
    <ClCompile Include="src\server\opc_tcp_processor.cpp">
      <Filter>Source Files</Filter>
    </ClCompile>
    <ClCompile Include="src\server\tcp_server.cpp">
      <Filter>Source Files</Filter>
    </ClCompile>
    <ClCompile Include="src\server\server_object.cpp">
      <Filter>Source Files</Filter>
    </ClCompile>
    <ClCompile Include="src\server\server_object_addon.cpp">
      <Filter>Source Files</Filter>
    </ClCompile>
    <ClCompile Include="src\server\services_registry_factory.cpp">
      <Filter>Source Files</Filter>
    </ClCompile>
    <ClCompile Include="src\server\services_registry_impl.cpp">
      <Filter>Source Files</Filter>
    </ClCompile>
    <ClCompile Include="src\server\standard_address_space_part3.cpp">
      <Filter>Source Files</Filter>
    </ClCompile>
    <ClCompile Include="src\server\standard_address_space_part4.cpp">
      <Filter>Source Files</Filter>
    </ClCompile>
    <ClCompile Include="src\server\standard_address_space_part5.cpp">
      <Filter>Source Files</Filter>
    </ClCompile>
    <ClCompile Include="src\server\standard_address_space_part8.cpp">
      <Filter>Source Files</Filter>
    </ClCompile>
    <ClCompile Include="src\server\standard_address_space_part9.cpp">
      <Filter>Source Files</Filter>
    </ClCompile>
    <ClCompile Include="src\server\standard_address_space_part10.cpp">
      <Filter>Source Files</Filter>
    </ClCompile>
    <ClCompile Include="src\server\standard_address_space_part11.cpp">
      <Filter>Source Files</Filter>
    </ClCompile>
    <ClCompile Include="src\server\standard_address_space_part13.cpp">
      <Filter>Source Files</Filter>
    </ClCompile>
    <ClCompile Include="src\server\standard_address_space.cpp">
      <Filter>Source Files</Filter>
    </ClCompile>
    <ClCompile Include="src\server\standard_address_space_addon.cpp">
      <Filter>Source Files</Filter>
    </ClCompile>
    <ClCompile Include="src\server\subscription_service_addon.cpp">
      <Filter>Source Files</Filter>
    </ClCompile>
    <ClCompile Include="src\server\subscription_service_internal.cpp">
      <Filter>Source Files</Filter>
    </ClCompile>
  </ItemGroup>
  <ItemGroup>
    <Filter Include="Source Files">
      <UniqueIdentifier>{54FF965E-5D7D-390C-84E0-1BA58BB65AFA}</UniqueIdentifier>
    </Filter>
  </ItemGroup>
</Project>